
Microsoft Visual Studio Solution File, Format Version 12.00
# Visual Studio Version 16
VisualStudioVersion = 16.0.31205.134
MinimumVisualStudioVersion = 10.0.40219.1
Project("{9A19103F-16F7-4668-BE54-9A1E7A4F7556}") = "Ksiazka", "Ksiazka\Ksiazka.csproj", "{04B423A8-EB7F-483D-A1D1-B0270AC11EAB}"
EndProject
Global
	GlobalSection(SolutionConfigurationPlatforms) = preSolution
		Debug|Any CPU = Debug|Any CPU
		Release|Any CPU = Release|Any CPU
	EndGlobalSection
	GlobalSection(ProjectConfigurationPlatforms) = postSolution
		{04B423A8-EB7F-483D-A1D1-B0270AC11EAB}.Debug|Any CPU.ActiveCfg = Debug|Any CPU
		{04B423A8-EB7F-483D-A1D1-B0270AC11EAB}.Debug|Any CPU.Build.0 = Debug|Any CPU
		{04B423A8-EB7F-483D-A1D1-B0270AC11EAB}.Release|Any CPU.ActiveCfg = Release|Any CPU
		{04B423A8-EB7F-483D-A1D1-B0270AC11EAB}.Release|Any CPU.Build.0 = Release|Any CPU
	EndGlobalSection
	GlobalSection(SolutionProperties) = preSolution
		HideSolutionNode = FALSE
	EndGlobalSection
	GlobalSection(ExtensibilityGlobals) = postSolution
		SolutionGuid = {CDF770ED-668D-4E9C-B75E-E6258DAFDA66}
	EndGlobalSection
EndGlobal
